
Microsoft Visual Studio Solution File, Format Version 12.00
# Visual Studio Version 17
VisualStudioVersion = 17.5.33516.290
MinimumVisualStudioVersion = 10.0.40219.1
Project("{9A19103F-16F7-4668-BE54-9A1E7A4F7556}") = "GUIProject", "GUIProject\GUIProject.csproj", "{D8D990D2-DDD8-4730-8B36-ED9D967960C8}"
EndProject
Project("{FAE04EC0-301F-11D3-BF4B-00C04F79EFBC}") = "GUIProject.Tests", "GUIProject.Tests\GUIProject.Tests.csproj", "{8A8FF7AB-3EB6-4780-B345-4C7C6D027D32}"
EndProject
Global
	GlobalSection(SolutionConfigurationPlatforms) = preSolution
		Debug|Any CPU = Debug|Any CPU
		Release|Any CPU = Release|Any CPU
	EndGlobalSection
	GlobalSection(ProjectConfigurationPlatforms) = postSolution
		{D8D990D2-DDD8-4730-8B36-ED9D967960C8}.Debug|Any CPU.ActiveCfg = Debug|Any CPU
		{D8D990D2-DDD8-4730-8B36-ED9D967960C8}.Debug|Any CPU.Build.0 = Debug|Any CPU
		{D8D990D2-DDD8-4730-8B36-ED9D967960C8}.Release|Any CPU.ActiveCfg = Release|Any CPU
		{D8D990D2-DDD8-4730-8B36-ED9D967960C8}.Release|Any CPU.Build.0 = Release|Any CPU
		{8A8FF7AB-3EB6-4780-B345-4C7C6D027D32}.Debug|Any CPU.ActiveCfg = Debug|Any CPU
		{8A8FF7AB-3EB6-4780-B345-4C7C6D027D32}.Debug|Any CPU.Build.0 = Debug|Any CPU
		{8A8FF7AB-3EB6-4780-B345-4C7C6D027D32}.Release|Any CPU.ActiveCfg = Release|Any CPU
		{8A8FF7AB-3EB6-4780-B345-4C7C6D027D32}.Release|Any CPU.Build.0 = Release|Any CPU
	EndGlobalSection
	GlobalSection(SolutionProperties) = preSolution
		HideSolutionNode = FALSE
	EndGlobalSection
	GlobalSection(ExtensibilityGlobals) = postSolution
		SolutionGuid = {B94B58F4-643C-435F-91E4-4DE067600498}
	EndGlobalSection
EndGlobal
